
Microsoft Visual Studio Solution File, Format Version 12.00
# Visual Studio Version 17
VisualStudioVersion = 17.4.33403.182
MinimumVisualStudioVersion = 10.0.40219.1
Project("{FAE04EC0-301F-11D3-BF4B-00C04F79EFBC}") = "StringSorter", "StringSorter\StringSorter.csproj", "{5D6405D0-4CD2-4D69-B95F-58D19A8D9979}"
EndProject
Global
	GlobalSection(SolutionConfigurationPlatforms) = preSolution
		Debug|Any CPU = Debug|Any CPU
		Release|Any CPU = Release|Any CPU
	EndGlobalSection
	GlobalSection(ProjectConfigurationPlatforms) = postSolution
		{5D6405D0-4CD2-4D69-B95F-58D19A8D9979}.Debug|Any CPU.ActiveCfg = Debug|Any CPU
		{5D6405D0-4CD2-4D69-B95F-58D19A8D9979}.Debug|Any CPU.Build.0 = Debug|Any CPU
		{5D6405D0-4CD2-4D69-B95F-58D19A8D9979}.Release|Any CPU.ActiveCfg = Release|Any CPU
		{5D6405D0-4CD2-4D69-B95F-58D19A8D9979}.Release|Any CPU.Build.0 = Release|Any CPU
	EndGlobalSection
	GlobalSection(SolutionProperties) = preSolution
		HideSolutionNode = FALSE
	EndGlobalSection
	GlobalSection(ExtensibilityGlobals) = postSolution
		SolutionGuid = {CEEC57A9-0B6D-4AFD-9D9B-7C2FFF637CAB}
	EndGlobalSection
EndGlobal
